
Microsoft Visual Studio Solution File, Format Version 12.00
# Visual Studio Version 17
VisualStudioVersion = 17.7.34031.279
MinimumVisualStudioVersion = 10.0.40219.1
Project("{FAE04EC0-301F-11D3-BF4B-00C04F79EFBC}") = "Lab 2 - Shackbräde", "Lab 2 - Shackbräde\Lab 2 - Shackbräde.csproj", "{B2C000AB-3489-4B35-9455-7927BA40227E}"
EndProject
Global
	GlobalSection(SolutionConfigurationPlatforms) = preSolution
		Debug|Any CPU = Debug|Any CPU
		Release|Any CPU = Release|Any CPU
	EndGlobalSection
	GlobalSection(ProjectConfigurationPlatforms) = postSolution
		{B2C000AB-3489-4B35-9455-7927BA40227E}.Debug|Any CPU.ActiveCfg = Debug|Any CPU
		{B2C000AB-3489-4B35-9455-7927BA40227E}.Debug|Any CPU.Build.0 = Debug|Any CPU
		{B2C000AB-3489-4B35-9455-7927BA40227E}.Release|Any CPU.ActiveCfg = Release|Any CPU
		{B2C000AB-3489-4B35-9455-7927BA40227E}.Release|Any CPU.Build.0 = Release|Any CPU
	EndGlobalSection
	GlobalSection(SolutionProperties) = preSolution
		HideSolutionNode = FALSE
	EndGlobalSection
	GlobalSection(ExtensibilityGlobals) = postSolution
		SolutionGuid = {5FF4ACBC-F6C2-4685-915B-96880ED2841F}
	EndGlobalSection
EndGlobal
